{
  "version": 4,
  "terraform_version": "1.5.0",
  "serial": 20,
  "lineage": "a38edd84-dfac-1825-67e3-99e72395b47b",
  "outputs": {
    "for_output_list": {
      "value": [
        "ec2-18-118-28-221.us-east-2.compute.amazonaws.com",
        "ec2-3-17-176-7.us-east-2.compute.amazonaws.com",
        "ec2-3-145-51-15.us-east-2.compute.amazonaws.com"
      ],
      "type": [
        "tuple",
        [
          "string",
          "string",
          "string"
        ]
      ]
    },
    "for_output_map1": {
      "value": {
        "i-01c9ceb3e63f26773": "ec2-3-145-51-15.us-east-2.compute.amazonaws.com",
        "i-0224d5a875f35e434": "ec2-18-118-28-221.us-east-2.compute.amazonaws.com",
        "i-073038107a7bd20d9": "ec2-3-17-176-7.us-east-2.compute.amazonaws.com"
      },
      "type": [
        "object",
        {
          "i-01c9ceb3e63f26773": "string",
          "i-0224d5a875f35e434": "string",
          "i-073038107a7bd20d9": "string"
        }
      ]
    },
    "for_output_map2": {
      "value": {
        "0": "ec2-18-118-28-221.us-east-2.compute.amazonaws.com",
        "1": "ec2-3-17-176-7.us-east-2.compute.amazonaws.com",
        "2": "ec2-3-145-51-15.us-east-2.compute.amazonaws.com"
      },
      "type": [
        "object",
        {
          "0": "string",
          "1": "string",
          "2": "string"
        }
      ]
    },
    "latest_splat_instance_publicdns": {
      "value": [
        "ec2-18-118-28-221.us-east-2.compute.amazonaws.com",
        "ec2-3-17-176-7.us-east-2.compute.amazonaws.com",
        "ec2-3-145-51-15.us-east-2.compute.amazonaws.com"
      ],
      "type": [
        "tuple",
        [
          "string",
          "string",
          "string"
        ]
      ]
    },
    "legacy_splat_instance_publicdns": {
      "value": [
        "ec2-18-118-28-221.us-east-2.compute.amazonaws.com",
        "ec2-3-17-176-7.us-east-2.compute.amazonaws.com",
        "ec2-3-145-51-15.us-east-2.compute.amazonaws.com"
      ],
      "type": [
        "tuple",
        [
          "string",
          "string",
          "string"
        ]
      ]
    },
    "public_ip": {
      "value": "18.118.28.221",
      "type": "string"
    }
  },
  "resources": [
    {
      "mode": "managed",
      "type": "aws_instance",
      "name": "tech_instance",
      "provider": "provider[\"registry.terraform.io/hashicorp/aws\"]",
      "instances": [
        {
          "index_key": 0,
          "schema_version": 1,
          "attributes": {
            "ami": "ami-01ca463d85a7b8110",
            "arn": "arn:aws:ec2:us-east-2:357674677184:instance/i-0224d5a875f35e434",
            "associate_public_ip_address": true,
            "availability_zone": "us-east-2a",
            "capacity_reservation_specification": [
              {
                "capacity_reservation_preference": "open",
                "capacity_reservation_target": []
              }
            ],
            "cpu_core_count": 1,
            "cpu_options": [
              {
                "amd_sev_snp": "",
                "core_count": 1,
                "threads_per_core": 1
              }
            ],
            "cpu_threads_per_core": 1,
            "credit_specification": [
              {
                "cpu_credits": "standard"
              }
            ],
            "disable_api_stop": false,
            "disable_api_termination": false,
            "ebs_block_device": [],
            "ebs_optimized": false,
            "enclave_options": [
              {
                "enabled": false
              }
            ],
            "ephemeral_block_device": [],
            "get_password_data": false,
            "hibernation": false,
            "host_id": "",
            "host_resource_group_arn": null,
            "iam_instance_profile": "",
            "id": "i-0224d5a875f35e434",
            "instance_initiated_shutdown_behavior": "stop",
            "instance_lifecycle": "",
            "instance_market_options": [],
            "instance_state": "running",
            "instance_type": "t2.micro",
            "ipv6_address_count": 0,
            "ipv6_addresses": [],
            "key_name": "",
            "launch_template": [],
            "maintenance_options": [
              {
                "auto_recovery": "default"
              }
            ],
            "metadata_options": [
              {
                "http_endpoint": "enabled",
                "http_protocol_ipv6": "disabled",
                "http_put_response_hop_limit": 2,
                "http_tokens": "required",
                "instance_metadata_tags": "disabled"
              }
            ],
            "monitoring": false,
            "network_interface": [],
            "outpost_arn": "",
            "password_data": "",
            "placement_group": "",
            "placement_partition_number": 0,
            "primary_network_interface_id": "eni-050bd348f0ab074c4",
            "private_dns": "ip-172-31-1-231.us-east-2.compute.internal",
            "private_dns_name_options": [
              {
                "enable_resource_name_dns_a_record": false,
                "enable_resource_name_dns_aaaa_record": false,
                "hostname_type": "ip-name"
              }
            ],
            "private_ip": "172.31.1.231",
            "public_dns": "ec2-18-118-28-221.us-east-2.compute.amazonaws.com",
            "public_ip": "18.118.28.221",
            "root_block_device": [
              {
                "delete_on_termination": true,
                "device_name": "/dev/xvda",
                "encrypted": false,
                "iops": 3000,
                "kms_key_id": "",
                "tags": {},
                "throughput": 125,
                "volume_id": "vol-09670f82f54393d3c",
                "volume_size": 8,
                "volume_type": "gp3"
              }
            ],
            "secondary_private_ips": [],
            "security_groups": [
              "sg-012c0cf4f82f5ef22",
              "sg-09347d4a44df27c4c",
              "sg-0fda4f1b27bbec3a1"
            ],
            "source_dest_check": true,
            "spot_instance_request_id": "",
            "subnet_id": "subnet-03015b37b2e63fb82",
            "tags": {
              "Environment": "QA",
              "Name": "Raj-EC2",
              "Session": "Tech_Learnings"
            },
            "tags_all": {
              "Environment": "QA",
              "Name": "Raj-EC2",
              "Session": "Tech_Learnings"
            },
            "tenancy": "default",
            "timeouts": null,
            "user_data": null,
            "user_data_base64": null,
            "user_data_replace_on_change": false,
            "volume_tags": null,
            "vpc_security_group_ids": [
              "sg-012c0cf4f82f5ef22",
              "sg-09347d4a44df27c4c",
              "sg-0fda4f1b27bbec3a1"
            ]
          },
          "sensitive_attributes": [],
          "private": "eyJlMmJmYjczMC1lY2FhLTExZTYtOGY4OC0zNDM2M2JjN2M0YzAiOnsiY3JlYXRlIjo2MDAwMDAwMDAwMDAsImRlbGV0ZSI6MTIwMDAwMDAwMDAwMCwidXBkYXRlIjo2MDAwMDAwMDAwMDB9LCJzY2hlbWFfdmVyc2lvbiI6IjEifQ=="
        },
        {
          "index_key": 1,
          "schema_version": 1,
          "attributes": {
            "ami": "ami-01ca463d85a7b8110",
            "arn": "arn:aws:ec2:us-east-2:357674677184:instance/i-073038107a7bd20d9",
            "associate_public_ip_address": true,
            "availability_zone": "us-east-2a",
            "capacity_reservation_specification": [
              {
                "capacity_reservation_preference": "open",
                "capacity_reservation_target": []
              }
            ],
            "cpu_core_count": 1,
            "cpu_options": [
              {
                "amd_sev_snp": "",
                "core_count": 1,
                "threads_per_core": 1
              }
            ],
            "cpu_threads_per_core": 1,
            "credit_specification": [
              {
                "cpu_credits": "standard"
              }
            ],
            "disable_api_stop": false,
            "disable_api_termination": false,
            "ebs_block_device": [],
            "ebs_optimized": false,
            "enclave_options": [
              {
                "enabled": false
              }
            ],
            "ephemeral_block_device": [],
            "get_password_data": false,
            "hibernation": false,
            "host_id": "",
            "host_resource_group_arn": null,
            "iam_instance_profile": "",
            "id": "i-073038107a7bd20d9",
            "instance_initiated_shutdown_behavior": "stop",
            "instance_lifecycle": "",
            "instance_market_options": [],
            "instance_state": "running",
            "instance_type": "t2.micro",
            "ipv6_address_count": 0,
            "ipv6_addresses": [],
            "key_name": "",
            "launch_template": [],
            "maintenance_options": [
              {
                "auto_recovery": "default"
              }
            ],
            "metadata_options": [
              {
                "http_endpoint": "enabled",
                "http_protocol_ipv6": "disabled",
                "http_put_response_hop_limit": 2,
                "http_tokens": "required",
                "instance_metadata_tags": "disabled"
              }
            ],
            "monitoring": false,
            "network_interface": [],
            "outpost_arn": "",
            "password_data": "",
            "placement_group": "",
            "placement_partition_number": 0,
            "primary_network_interface_id": "eni-01a2502d20a28d121",
            "private_dns": "ip-172-31-2-154.us-east-2.compute.internal",
            "private_dns_name_options": [
              {
                "enable_resource_name_dns_a_record": false,
                "enable_resource_name_dns_aaaa_record": false,
                "hostname_type": "ip-name"
              }
            ],
            "private_ip": "172.31.2.154",
            "public_dns": "ec2-3-17-176-7.us-east-2.compute.amazonaws.com",
            "public_ip": "3.17.176.7",
            "root_block_device": [
              {
                "delete_on_termination": true,
                "device_name": "/dev/xvda",
                "encrypted": false,
                "iops": 3000,
                "kms_key_id": "",
                "tags": {},
                "throughput": 125,
                "volume_id": "vol-02d640253d18b9eb6",
                "volume_size": 8,
                "volume_type": "gp3"
              }
            ],
            "secondary_private_ips": [],
            "security_groups": [
              "sg-012c0cf4f82f5ef22",
              "sg-09347d4a44df27c4c",
              "sg-0fda4f1b27bbec3a1"
            ],
            "source_dest_check": true,
            "spot_instance_request_id": "",
            "subnet_id": "subnet-03015b37b2e63fb82",
            "tags": {
              "Environment": "QA",
              "Name": "Raj-EC2",
              "Session": "Tech_Learnings"
            },
            "tags_all": {
              "Environment": "QA",
              "Name": "Raj-EC2",
              "Session": "Tech_Learnings"
            },
            "tenancy": "default",
            "timeouts": null,
            "user_data": null,
            "user_data_base64": null,
            "user_data_replace_on_change": false,
            "volume_tags": null,
            "vpc_security_group_ids": [
              "sg-012c0cf4f82f5ef22",
              "sg-09347d4a44df27c4c",
              "sg-0fda4f1b27bbec3a1"
            ]
          },
          "sensitive_attributes": [],
          "private": "eyJlMmJmYjczMC1lY2FhLTExZTYtOGY4OC0zNDM2M2JjN2M0YzAiOnsiY3JlYXRlIjo2MDAwMDAwMDAwMDAsImRlbGV0ZSI6MTIwMDAwMDAwMDAwMCwidXBkYXRlIjo2MDAwMDAwMDAwMDB9LCJzY2hlbWFfdmVyc2lvbiI6IjEifQ=="
        },
        {
          "index_key": 2,
          "schema_version": 1,
          "attributes": {
            "ami": "ami-01ca463d85a7b8110",
            "arn": "arn:aws:ec2:us-east-2:357674677184:instance/i-01c9ceb3e63f26773",
            "associate_public_ip_address": true,
            "availability_zone": "us-east-2a",
            "capacity_reservation_specification": [
              {
                "capacity_reservation_preference": "open",
                "capacity_reservation_target": []
              }
            ],
            "cpu_core_count": 1,
            "cpu_options": [
              {
                "amd_sev_snp": "",
                "core_count": 1,
                "threads_per_core": 1
              }
            ],
            "cpu_threads_per_core": 1,
            "credit_specification": [
              {
                "cpu_credits": "standard"
              }
            ],
            "disable_api_stop": false,
            "disable_api_termination": false,
            "ebs_block_device": [],
            "ebs_optimized": false,
            "enclave_options": [
              {
                "enabled": false
              }
            ],
            "ephemeral_block_device": [],
            "get_password_data": false,
            "hibernation": false,
            "host_id": "",
            "host_resource_group_arn": null,
            "iam_instance_profile": "",
            "id": "i-01c9ceb3e63f26773",
            "instance_initiated_shutdown_behavior": "stop",
            "instance_lifecycle": "",
            "instance_market_options": [],
            "instance_state": "running",
            "instance_type": "t2.micro",
            "ipv6_address_count": 0,
            "ipv6_addresses": [],
            "key_name": "",
            "launch_template": [],
            "maintenance_options": [
              {
                "auto_recovery": "default"
              }
            ],
            "metadata_options": [
              {
                "http_endpoint": "enabled",
                "http_protocol_ipv6": "disabled",
                "http_put_response_hop_limit": 2,
                "http_tokens": "required",
                "instance_metadata_tags": "disabled"
              }
            ],
            "monitoring": false,
            "network_interface": [],
            "outpost_arn": "",
            "password_data": "",
            "placement_group": "",
            "placement_partition_number": 0,
            "primary_network_interface_id": "eni-04c3adae7e5a40e94",
            "private_dns": "ip-172-31-5-14.us-east-2.compute.internal",
            "private_dns_name_options": [
              {
                "enable_resource_name_dns_a_record": false,
                "enable_resource_name_dns_aaaa_record": false,
                "hostname_type": "ip-name"
              }
            ],
            "private_ip": "172.31.5.14",
            "public_dns": "ec2-3-145-51-15.us-east-2.compute.amazonaws.com",
            "public_ip": "3.145.51.15",
            "root_block_device": [
              {
                "delete_on_termination": true,
                "device_name": "/dev/xvda",
                "encrypted": false,
                "iops": 3000,
                "kms_key_id": "",
                "tags": {},
                "throughput": 125,
                "volume_id": "vol-0c23baa17786ef3b6",
                "volume_size": 8,
                "volume_type": "gp3"
              }
            ],
            "secondary_private_ips": [],
            "security_groups": [
              "sg-012c0cf4f82f5ef22",
              "sg-09347d4a44df27c4c",
              "sg-0fda4f1b27bbec3a1"
            ],
            "source_dest_check": true,
            "spot_instance_request_id": "",
            "subnet_id": "subnet-03015b37b2e63fb82",
            "tags": {
              "Environment": "QA",
              "Name": "Raj-EC2",
              "Session": "Tech_Learnings"
            },
            "tags_all": {
              "Environment": "QA",
              "Name": "Raj-EC2",
              "Session": "Tech_Learnings"
            },
            "tenancy": "default",
            "timeouts": null,
            "user_data": null,
            "user_data_base64": null,
            "user_data_replace_on_change": false,
            "volume_tags": null,
            "vpc_security_group_ids": [
              "sg-012c0cf4f82f5ef22",
              "sg-09347d4a44df27c4c",
              "sg-0fda4f1b27bbec3a1"
            ]
          },
          "sensitive_attributes": [],
          "private": "eyJlMmJmYjczMC1lY2FhLTExZTYtOGY4OC0zNDM2M2JjN2M0YzAiOnsiY3JlYXRlIjo2MDAwMDAwMDAwMDAsImRlbGV0ZSI6MTIwMDAwMDAwMDAwMCwidXBkYXRlIjo2MDAwMDAwMDAwMDB9LCJzY2hlbWFfdmVyc2lvbiI6IjEifQ=="
        }
      ]
    }
  ],
  "check_results": null
}
